
Microsoft Visual Studio Solution File, Format Version 12.00
# Visual Studio Version 17
VisualStudioVersion = 17.1.32319.34
MinimumVisualStudioVersion = 10.0.40219.1
Project("{FAE04EC0-301F-11D3-BF4B-00C04F79EFBC}") = "ContosoUniversity", "ContosoUniversity\ContosoUniversity.csproj", "{097B13D1-2396-4036-AE97-CD44251C8F84}"
EndProject
Global
	GlobalSection(SolutionConfigurationPlatforms) = preSolution
		Debug|Any CPU = Debug|Any CPU
		Release|Any CPU = Release|Any CPU
	EndGlobalSection
	GlobalSection(ProjectConfigurationPlatforms) = postSolution
		{097B13D1-2396-4036-AE97-CD44251C8F84}.Debug|Any CPU.ActiveCfg = Debug|Any CPU
		{097B13D1-2396-4036-AE97-CD44251C8F84}.Debug|Any CPU.Build.0 = Debug|Any CPU
		{097B13D1-2396-4036-AE97-CD44251C8F84}.Release|Any CPU.ActiveCfg = Release|Any CPU
		{097B13D1-2396-4036-AE97-CD44251C8F84}.Release|Any CPU.Build.0 = Release|Any CPU
	EndGlobalSection
	GlobalSection(SolutionProperties) = preSolution
		HideSolutionNode = FALSE
	EndGlobalSection
	GlobalSection(ExtensibilityGlobals) = postSolution
		SolutionGuid = {479D3BDC-58F1-46FA-8122-67EB9D4EDE12}
	EndGlobalSection
EndGlobal
